
Microsoft Visual Studio Solution File, Format Version 12.00
# Visual Studio Version 17
VisualStudioVersion = 17.8.34309.116
MinimumVisualStudioVersion = 10.0.40219.1
Project("{9A19103F-16F7-4668-BE54-9A1E7A4F7556}") = "DXApplication1.Module", "DXApplication1.Module\DXApplication1.Module.csproj", "{96CED68D-71F8-4203-9722-7347AEBE6F24}"
EndProject
Project("{9A19103F-16F7-4668-BE54-9A1E7A4F7556}") = "DXApplication1.Win", "DXApplication1.Win\DXApplication1.Win.csproj", "{3708E6FC-4CC7-4CFE-8ADE-4239C855E967}"
EndProject
Project("{9A19103F-16F7-4668-BE54-9A1E7A4F7556}") = "DXApplication1.Blazor.Server", "DXApplication1.Blazor.Server\DXApplication1.Blazor.Server.csproj", "{7A669BA1-9AEF-4B87-AA95-803C871FC50B}"
EndProject
Project("{2150E333-8FDC-42A3-9474-1A3956D46DE8}") = "Solution Items", "Solution Items", "{EB0CA433-1A42-4D41-AB17-EFCD9AD6DE4F}"
	ProjectSection(SolutionItems) = preProject
		.editorconfig = .editorconfig
	EndProjectSection
EndProject
Global
	GlobalSection(SolutionConfigurationPlatforms) = preSolution
		Debug|Any CPU = Debug|Any CPU
		EasyTest|Any CPU = EasyTest|Any CPU
		Release|Any CPU = Release|Any CPU
	EndGlobalSection
	GlobalSection(ProjectConfigurationPlatforms) = postSolution
		{96CED68D-71F8-4203-9722-7347AEBE6F24}.Debug|Any CPU.ActiveCfg = Debug|Any CPU
		{96CED68D-71F8-4203-9722-7347AEBE6F24}.Debug|Any CPU.Build.0 = Debug|Any CPU
		{96CED68D-71F8-4203-9722-7347AEBE6F24}.EasyTest|Any CPU.ActiveCfg = EasyTest|Any CPU
		{96CED68D-71F8-4203-9722-7347AEBE6F24}.EasyTest|Any CPU.Build.0 = EasyTest|Any CPU
		{96CED68D-71F8-4203-9722-7347AEBE6F24}.Release|Any CPU.ActiveCfg = Release|Any CPU
		{96CED68D-71F8-4203-9722-7347AEBE6F24}.Release|Any CPU.Build.0 = Release|Any CPU
		{3708E6FC-4CC7-4CFE-8ADE-4239C855E967}.Debug|Any CPU.ActiveCfg = Debug|Any CPU
		{3708E6FC-4CC7-4CFE-8ADE-4239C855E967}.Debug|Any CPU.Build.0 = Debug|Any CPU
		{3708E6FC-4CC7-4CFE-8ADE-4239C855E967}.EasyTest|Any CPU.ActiveCfg = EasyTest|Any CPU
		{3708E6FC-4CC7-4CFE-8ADE-4239C855E967}.EasyTest|Any CPU.Build.0 = EasyTest|Any CPU
		{3708E6FC-4CC7-4CFE-8ADE-4239C855E967}.Release|Any CPU.ActiveCfg = Release|Any CPU
		{3708E6FC-4CC7-4CFE-8ADE-4239C855E967}.Release|Any CPU.Build.0 = Release|Any CPU
		{7A669BA1-9AEF-4B87-AA95-803C871FC50B}.Debug|Any CPU.ActiveCfg = Debug|Any CPU
		{7A669BA1-9AEF-4B87-AA95-803C871FC50B}.Debug|Any CPU.Build.0 = Debug|Any CPU
		{7A669BA1-9AEF-4B87-AA95-803C871FC50B}.EasyTest|Any CPU.ActiveCfg = EasyTest|Any CPU
		{7A669BA1-9AEF-4B87-AA95-803C871FC50B}.EasyTest|Any CPU.Build.0 = EasyTest|Any CPU
		{7A669BA1-9AEF-4B87-AA95-803C871FC50B}.Release|Any CPU.ActiveCfg = Release|Any CPU
		{7A669BA1-9AEF-4B87-AA95-803C871FC50B}.Release|Any CPU.Build.0 = Release|Any CPU
	EndGlobalSection
	GlobalSection(SolutionProperties) = preSolution
		HideSolutionNode = FALSE
	EndGlobalSection
EndGlobal
